// !$*UTF8*$!
{
	archiveVersion = 1;
	classes = {
	};
	objectVersion = 56;
	objects = {

/* Begin PBXBuildFile section */
		ABA99F2D2935A63B00E981E7 /* SwiftyJSON in Frameworks */ = {isa = PBXBuildFile; productRef = ABA99F2C2935A63B00E981E7 /* SwiftyJSON */; };
		ABA99F2F293C884500E981E7 /* ReviewsView.swift in Sources */ = {isa = PBXBuildFile; fileRef = ABA99F2E293C884500E981E7 /* ReviewsView.swift */; };
		ABA99F31293C8F9700E981E7 /* MapLocationView.swift in Sources */ = {isa = PBXBuildFile; fileRef = ABA99F30293C8F9700E981E7 /* MapLocationView.swift */; };
		ABA99F33293C8FD500E981E7 /* DetailView.swift in Sources */ = {isa = PBXBuildFile; fileRef = ABA99F32293C8FD500E981E7 /* DetailView.swift */; };
		ABA99F35293C903500E981E7 /* BusinessDetailView.swift in Sources */ = {isa = PBXBuildFile; fileRef = ABA99F34293C903500E981E7 /* BusinessDetailView.swift */; };
		ABA99F37293D505900E981E7 /* SheetView.swift in Sources */ = {isa = PBXBuildFile; fileRef = ABA99F36293D505900E981E7 /* SheetView.swift */; };
		ABA99F39293D7F9300E981E7 /* BookingView.swift in Sources */ = {isa = PBXBuildFile; fileRef = ABA99F38293D7F9300E981E7 /* BookingView.swift */; };
		ABEBD50D2931E6DF006CD2E9 /* bussiness_search_iosApp.swift in Sources */ = {isa = PBXBuildFile; fileRef = ABEBD50C2931E6DF006CD2E9 /* bussiness_search_iosApp.swift */; };
		ABEBD50F2931E6DF006CD2E9 /* ContentView.swift in Sources */ = {isa = PBXBuildFile; fileRef = ABEBD50E2931E6DF006CD2E9 /* ContentView.swift */; };
		ABEBD5112931E6E1006CD2E9 /* Assets.xcassets in Resources */ = {isa = PBXBuildFile; fileRef = ABEBD5102931E6E1006CD2E9 /* Assets.xcassets */; };
		ABEBD5142931E6E1006CD2E9 /* Preview Assets.xcassets in Resources */ = {isa = PBXBuildFile; fileRef = ABEBD5132931E6E1006CD2E9 /* Preview Assets.xcassets */; };
		ABEBD51E2931E6E1006CD2E9 /* bussiness_search_iosTests.swift in Sources */ = {isa = PBXBuildFile; fileRef = ABEBD51D2931E6E1006CD2E9 /* bussiness_search_iosTests.swift */; };
		ABEBD5282931E6E1006CD2E9 /* bussiness_search_iosUITests.swift in Sources */ = {isa = PBXBuildFile; fileRef = ABEBD5272931E6E1006CD2E9 /* bussiness_search_iosUITests.swift */; };
		ABEBD52A2931E6E1006CD2E9 /* bussiness_search_iosUITestsLaunchTests.swift in Sources */ = {isa = PBXBuildFile; fileRef = ABEBD5292931E6E1006CD2E9 /* bussiness_search_iosUITestsLaunchTests.swift */; };
/* End PBXBuildFile section */

/* Begin PBXContainerItemProxy section */
		ABEBD51A2931E6E1006CD2E9 /* PBXContainerItemProxy */ = {
			isa = PBXContainerItemProxy;
			containerPortal = ABEBD5012931E6DF006CD2E9 /* Project object */;
			proxyType = 1;
			remoteGlobalIDString = ABEBD5082931E6DF006CD2E9;
			remoteInfo = "bussiness-search-ios";
		};
		ABEBD5242931E6E1006CD2E9 /* PBXContainerItemProxy */ = {
			isa = PBXContainerItemProxy;
			containerPortal = ABEBD5012931E6DF006CD2E9 /* Project object */;
			proxyType = 1;
			remoteGlobalIDString = ABEBD5082931E6DF006CD2E9;
			remoteInfo = "bussiness-search-ios";
		};
/* End PBXContainerItemProxy section */

/* Begin PBXFileReference section */
		ABA99F2E293C884500E981E7 /* ReviewsView.swift */ = {isa = PBXFileReference; lastKnownFileType = sourcecode.swift; path = ReviewsView.swift; sourceTree = "<group>"; };
		ABA99F30293C8F9700E981E7 /* MapLocationView.swift */ = {isa = PBXFileReference; lastKnownFileType = sourcecode.swift; path = MapLocationView.swift; sourceTree = "<group>"; };
		ABA99F32293C8FD500E981E7 /* DetailView.swift */ = {isa = PBXFileReference; lastKnownFileType = sourcecode.swift; path = DetailView.swift; sourceTree = "<group>"; };
		ABA99F34293C903500E981E7 /* BusinessDetailView.swift */ = {isa = PBXFileReference; lastKnownFileType = sourcecode.swift; path = BusinessDetailView.swift; sourceTree = "<group>"; };
		ABA99F36293D505900E981E7 /* SheetView.swift */ = {isa = PBXFileReference; lastKnownFileType = sourcecode.swift; path = SheetView.swift; sourceTree = "<group>"; };
		ABA99F38293D7F9300E981E7 /* BookingView.swift */ = {isa = PBXFileReference; lastKnownFileType = sourcecode.swift; path = BookingView.swift; sourceTree = "<group>"; };
		ABEBD5092931E6DF006CD2E9 /* bussiness-search-ios.app */ = {isa = PBXFileReference; explicitFileType = wrapper.application; includeInIndex = 0; path = "bussiness-search-ios.app"; sourceTree = BUILT_PRODUCTS_DIR; };
		ABEBD50C2931E6DF006CD2E9 /* bussiness_search_iosApp.swift */ = {isa = PBXFileReference; lastKnownFileType = sourcecode.swift; path = bussiness_search_iosApp.swift; sourceTree = "<group>"; };
		ABEBD50E2931E6DF006CD2E9 /* ContentView.swift */ = {isa = PBXFileReference; lastKnownFileType = sourcecode.swift; path = ContentView.swift; sourceTree = "<group>"; };
		ABEBD5102931E6E1006CD2E9 /* Assets.xcassets */ = {isa = PBXFileReference; lastKnownFileType = folder.assetcatalog; path = Assets.xcassets; sourceTree = "<group>"; };
		ABEBD5132931E6E1006CD2E9 /* Preview Assets.xcassets */ = {isa = PBXFileReference; lastKnownFileType = folder.assetcatalog; path = "Preview Assets.xcassets"; sourceTree = "<group>"; };
		ABEBD5192931E6E1006CD2E9 /* bussiness-search-iosTests.xctest */ = {isa = PBXFileReference; explicitFileType = wrapper.cfbundle; includeInIndex = 0; path = "bussiness-search-iosTests.xctest"; sourceTree = BUILT_PRODUCTS_DIR; };
		ABEBD51D2931E6E1006CD2E9 /* bussiness_search_iosTests.swift */ = {isa = PBXFileReference; lastKnownFileType = sourcecode.swift; path = bussiness_search_iosTests.swift; sourceTree = "<group>"; };
		ABEBD5232931E6E1006CD2E9 /* bussiness-search-iosUITests.xctest */ = {isa = PBXFileReference; explicitFileType = wrapper.cfbundle; includeInIndex = 0; path = "bussiness-search-iosUITests.xctest"; sourceTree = BUILT_PRODUCTS_DIR; };
		ABEBD5272931E6E1006CD2E9 /* bussiness_search_iosUITests.swift */ = {isa = PBXFileReference; lastKnownFileType = sourcecode.swift; path = bussiness_search_iosUITests.swift; sourceTree = "<group>"; };
		ABEBD5292931E6E1006CD2E9 /* bussiness_search_iosUITestsLaunchTests.swift */ = {isa = PBXFileReference; lastKnownFileType = sourcecode.swift; path = bussiness_search_iosUITestsLaunchTests.swift; sourceTree = "<group>"; };
/* End PBXFileReference section */

/* Begin PBXFrameworksBuildPhase section */
		ABEBD5062931E6DF006CD2E9 /* Frameworks */ = {
			isa = PBXFrameworksBuildPhase;
			buildActionMask = 2147483647;
			files = (
				ABA99F2D2935A63B00E981E7 /* SwiftyJSON in Frameworks */,
			);
			runOnlyForDeploymentPostprocessing = 0;
		};
		ABEBD5162931E6E1006CD2E9 /* Frameworks */ = {
			isa = PBXFrameworksBuildPhase;
			buildActionMask = 2147483647;
			files = (
			);
			runOnlyForDeploymentPostprocessing = 0;
		};
		ABEBD5202931E6E1006CD2E9 /* Frameworks */ = {
			isa = PBXFrameworksBuildPhase;
			buildActionMask = 2147483647;
			files = (
			);
			runOnlyForDeploymentPostprocessing = 0;
		};
/* End PBXFrameworksBuildPhase section */

/* Begin PBXGroup section */
		ABEBD5002931E6DF006CD2E9 = {
			isa = PBXGroup;
			children = (
				ABEBD50B2931E6DF006CD2E9 /* bussiness-search-ios */,
				ABEBD51C2931E6E1006CD2E9 /* bussiness-search-iosTests */,
				ABEBD5262931E6E1006CD2E9 /* bussiness-search-iosUITests */,
				ABEBD50A2931E6DF006CD2E9 /* Products */,
			);
			sourceTree = "<group>";
		};
		ABEBD50A2931E6DF006CD2E9 /* Products */ = {
			isa = PBXGroup;
			children = (
				ABEBD5092931E6DF006CD2E9 /* bussiness-search-ios.app */,
				ABEBD5192931E6E1006CD2E9 /* bussiness-search-iosTests.xctest */,
				ABEBD5232931E6E1006CD2E9 /* bussiness-search-iosUITests.xctest */,
			);
			name = Products;
			sourceTree = "<group>";
		};
		ABEBD50B2931E6DF006CD2E9 /* bussiness-search-ios */ = {
			isa = PBXGroup;
			children = (
				ABEBD50C2931E6DF006CD2E9 /* bussiness_search_iosApp.swift */,
				ABEBD50E2931E6DF006CD2E9 /* ContentView.swift */,
				ABA99F32293C8FD500E981E7 /* DetailView.swift */,
				ABA99F34293C903500E981E7 /* BusinessDetailView.swift */,
				ABA99F30293C8F9700E981E7 /* MapLocationView.swift */,
				ABA99F2E293C884500E981E7 /* ReviewsView.swift */,
				ABA99F36293D505900E981E7 /* SheetView.swift */,
				ABA99F38293D7F9300E981E7 /* BookingView.swift */,
				ABEBD5102931E6E1006CD2E9 /* Assets.xcassets */,
				ABEBD5122931E6E1006CD2E9 /* Preview Content */,
			);
			path = "bussiness-search-ios";
			sourceTree = "<group>";
		};
		ABEBD5122931E6E1006CD2E9 /* Preview Content */ = {
			isa = PBXGroup;
			children = (
				ABEBD5132931E6E1006CD2E9 /* Preview Assets.xcassets */,
			);
			path = "Preview Content";
			sourceTree = "<group>";
		};
		ABEBD51C2931E6E1006CD2E9 /* bussiness-search-iosTests */ = {
			isa = PBXGroup;
			children = (
				ABEBD51D2931E6E1006CD2E9 /* bussiness_search_iosTests.swift */,
			);
			path = "bussiness-search-iosTests";
			sourceTree = "<group>";
		};
		ABEBD5262931E6E1006CD2E9 /* bussiness-search-iosUITests */ = {
			isa = PBXGroup;
			children = (
				ABEBD5272931E6E1006CD2E9 /* bussiness_search_iosUITests.swift */,
				ABEBD5292931E6E1006CD2E9 /* bussiness_search_iosUITestsLaunchTests.swift */,
			);
			path = "bussiness-search-iosUITests";
			sourceTree = "<group>";
		};
/* End PBXGroup section */

/* Begin PBXNativeTarget section */
		ABEBD5082931E6DF006CD2E9 /* bussiness-search-ios */ = {
			isa = PBXNativeTarget;
			buildConfigurationList = ABEBD52D2931E6E1006CD2E9 /* Build configuration list for PBXNativeTarget "bussiness-search-ios" */;
			buildPhases = (
				ABEBD5052931E6DF006CD2E9 /* Sources */,
				ABEBD5062931E6DF006CD2E9 /* Frameworks */,
				ABEBD5072931E6DF006CD2E9 /* Resources */,
			);
			buildRules = (
			);
			dependencies = (
			);
			name = "bussiness-search-ios";
			packageProductDependencies = (
				ABA99F2C2935A63B00E981E7 /* SwiftyJSON */,
			);
			productName = "bussiness-search-ios";
			productReference = ABEBD5092931E6DF006CD2E9 /* bussiness-search-ios.app */;
			productType = "com.apple.product-type.application";
		};
		ABEBD5182931E6E1006CD2E9 /* bussiness-search-iosTests */ = {
			isa = PBXNativeTarget;
			buildConfigurationList = ABEBD5302931E6E1006CD2E9 /* Build configuration list for PBXNativeTarget "bussiness-search-iosTests" */;
			buildPhases = (
				ABEBD5152931E6E1006CD2E9 /* Sources */,
				ABEBD5162931E6E1006CD2E9 /* Frameworks */,
				ABEBD5172931E6E1006CD2E9 /* Resources */,
			);
			buildRules = (
			);
			dependencies = (
				ABEBD51B2931E6E1006CD2E9 /* PBXTargetDependency */,
			);
			name = "bussiness-search-iosTests";
			productName = "bussiness-search-iosTests";
			productReference = ABEBD5192931E6E1006CD2E9 /* bussiness-search-iosTests.xctest */;
			productType = "com.apple.product-type.bundle.unit-test";
		};
		ABEBD5222931E6E1006CD2E9 /* bussiness-search-iosUITests */ = {
			isa = PBXNativeTarget;
			buildConfigurationList = ABEBD5332931E6E1006CD2E9 /* Build configuration list for PBXNativeTarget "bussiness-search-iosUITests" */;
			buildPhases = (
				ABEBD51F2931E6E1006CD2E9 /* Sources */,
				ABEBD5202931E6E1006CD2E9 /* Frameworks */,
				ABEBD5212931E6E1006CD2E9 /* Resources */,
			);
			buildRules = (
			);
			dependencies = (
				ABEBD5252931E6E1006CD2E9 /* PBXTargetDependency */,
			);
			name = "bussiness-search-iosUITests";
			productName = "bussiness-search-iosUITests";
			productReference = ABEBD5232931E6E1006CD2E9 /* bussiness-search-iosUITests.xctest */;
			productType = "com.apple.product-type.bundle.ui-testing";
		};
/* End PBXNativeTarget section */

/* Begin PBXProject section */
		ABEBD5012931E6DF006CD2E9 /* Project object */ = {
			isa = PBXProject;
			attributes = {
				BuildIndependentTargetsInParallel = 1;
				LastSwiftUpdateCheck = 1410;
				LastUpgradeCheck = 1410;
				TargetAttributes = {
					ABEBD5082931E6DF006CD2E9 = {
						CreatedOnToolsVersion = 14.1;
					};
					ABEBD5182931E6E1006CD2E9 = {
						CreatedOnToolsVersion = 14.1;
						TestTargetID = ABEBD5082931E6DF006CD2E9;
					};
					ABEBD5222931E6E1006CD2E9 = {
						CreatedOnToolsVersion = 14.1;
						TestTargetID = ABEBD5082931E6DF006CD2E9;
					};
				};
			};
			buildConfigurationList = ABEBD5042931E6DF006CD2E9 /* Build configuration list for PBXProject "bussiness-search-ios" */;
			compatibilityVersion = "Xcode 14.0";
			developmentRegion = en;
			hasScannedForEncodings = 0;
			knownRegions = (
				en,
				Base,
			);
			mainGroup = ABEBD5002931E6DF006CD2E9;
			packageReferences = (
				ABA99F2B2935A63B00E981E7 /* XCRemoteSwiftPackageReference "SwiftyJSON" */,
			);
			productRefGroup = ABEBD50A2931E6DF006CD2E9 /* Products */;
			projectDirPath = "";
			projectRoot = "";
			targets = (
				ABEBD5082931E6DF006CD2E9 /* bussiness-search-ios */,
				ABEBD5182931E6E1006CD2E9 /* bussiness-search-iosTests */,
				ABEBD5222931E6E1006CD2E9 /* bussiness-search-iosUITests */,
			);
		};
/* End PBXProject section */

/* Begin PBXResourcesBuildPhase section */
		ABEBD5072931E6DF006CD2E9 /* Resources */ = {
			isa = PBXResourcesBuildPhase;
			buildActionMask = 2147483647;
			files = (
				ABEBD5142931E6E1006CD2E9 /* Preview Assets.xcassets in Resources */,
				ABEBD5112931E6E1006CD2E9 /* Assets.xcassets in Resources */,
			);
			runOnlyForDeploymentPostprocessing = 0;
		};
		ABEBD5172931E6E1006CD2E9 /* Resources */ = {
			isa = PBXResourcesBuildPhase;
			buildActionMask = 2147483647;
			files = (
			);
			runOnlyForDeploymentPostprocessing = 0;
		};
		ABEBD5212931E6E1006CD2E9 /* Resources */ = {
			isa = PBXResourcesBuildPhase;
			buildActionMask = 2147483647;
			files = (
			);
			runOnlyForDeploymentPostprocessing = 0;
		};
/* End PBXResourcesBuildPhase section */

/* Begin PBXSourcesBuildPhase section */
		ABEBD5052931E6DF006CD2E9 /* Sources */ = {
			isa = PBXSourcesBuildPhase;
			buildActionMask = 2147483647;
			files = (
				ABA99F39293D7F9300E981E7 /* BookingView.swift in Sources */,
				ABA99F2F293C884500E981E7 /* ReviewsView.swift in Sources */,
				ABA99F37293D505900E981E7 /* SheetView.swift in Sources */,
				ABA99F35293C903500E981E7 /* BusinessDetailView.swift in Sources */,
				ABEBD50F2931E6DF006CD2E9 /* ContentView.swift in Sources */,
				ABA99F31293C8F9700E981E7 /* MapLocationView.swift in Sources */,
				ABA99F33293C8FD500E981E7 /* DetailView.swift in Sources */,
				ABEBD50D2931E6DF006CD2E9 /* bussiness_search_iosApp.swift in Sources */,
			);
			runOnlyForDeploymentPostprocessing = 0;
		};
		ABEBD5152931E6E1006CD2E9 /* Sources */ = {
			isa = PBXSourcesBuildPhase;
			buildActionMask = 2147483647;
			files = (
				ABEBD51E2931E6E1006CD2E9 /* bussiness_search_iosTests.swift in Sources */,
			);
			runOnlyForDeploymentPostprocessing = 0;
		};
		ABEBD51F2931E6E1006CD2E9 /* Sources */ = {
			isa = PBXSourcesBuildPhase;
			buildActionMask = 2147483647;
			files = (
				ABEBD52A2931E6E1006CD2E9 /* bussiness_search_iosUITestsLaunchTests.swift in Sources */,
				ABEBD5282931E6E1006CD2E9 /* bussiness_search_iosUITests.swift in Sources */,
			);
			runOnlyForDeploymentPostprocessing = 0;
		};
/* End PBXSourcesBuildPhase section */

/* Begin PBXTargetDependency section */
		ABEBD51B2931E6E1006CD2E9 /* PBXTargetDependency */ = {
			isa = PBXTargetDependency;
			target = ABEBD5082931E6DF006CD2E9 /* bussiness-search-ios */;
			targetProxy = ABEBD51A2931E6E1006CD2E9 /* PBXContainerItemProxy */;
		};
		ABEBD5252931E6E1006CD2E9 /* PBXTargetDependency */ = {
			isa = PBXTargetDependency;
			target = ABEBD5082931E6DF006CD2E9 /* bussiness-search-ios */;
			targetProxy = ABEBD5242931E6E1006CD2E9 /* PBXContainerItemProxy */;
		};
/* End PBXTargetDependency section */

/* Begin XCBuildConfiguration section */
		ABEBD52B2931E6E1006CD2E9 /* Debug */ = {
			isa = XCBuildConfiguration;
			buildSettings = {
				ALWAYS_SEARCH_USER_PATHS = NO;
				CLANG_ANALYZER_NONNULL = YES;
				CLANG_ANALYZER_NUMBER_OBJECT_CONVERSION = YES_AGGRESSIVE;
				CLANG_CXX_LANGUAGE_STANDARD = "gnu++20";
				CLANG_ENABLE_MODULES = YES;
				CLANG_ENABLE_OBJC_ARC = YES;
				CLANG_ENABLE_OBJC_WEAK = YES;
				CLANG_WARN_BLOCK_CAPTURE_AUTORELEASING = YES;
				CLANG_WARN_BOOL_CONVERSION = YES;
				CLANG_WARN_COMMA = YES;
				CLANG_WARN_CONSTANT_CONVERSION = YES;
				CLANG_WARN_DEPRECATED_OBJC_IMPLEMENTATIONS = YES;
				CLANG_WARN_DIRECT_OBJC_ISA_USAGE = YES_ERROR;
				CLANG_WARN_DOCUMENTATION_COMMENTS = YES;
				CLANG_WARN_EMPTY_BODY = YES;
				CLANG_WARN_ENUM_CONVERSION = YES;
				CLANG_WARN_INFINITE_RECURSION = YES;
				CLANG_WARN_INT_CONVERSION = YES;
				CLANG_WARN_NON_LITERAL_NULL_CONVERSION = YES;
				CLANG_WARN_OBJC_IMPLICIT_RETAIN_SELF = YES;
				CLANG_WARN_OBJC_LITERAL_CONVERSION = YES;
				CLANG_WARN_OBJC_ROOT_CLASS = YES_ERROR;
				CLANG_WARN_QUOTED_INCLUDE_IN_FRAMEWORK_HEADER = YES;
				CLANG_WARN_RANGE_LOOP_ANALYSIS = YES;
				CLANG_WARN_STRICT_PROTOTYPES = YES;
				CLANG_WARN_SUSPICIOUS_MOVE = YES;
				CLANG_WARN_UNGUARDED_AVAILABILITY = YES_AGGRESSIVE;
				CLANG_WARN_UNREACHABLE_CODE = YES;
				CLANG_WARN__DUPLICATE_METHOD_MATCH = YES;
				COPY_PHASE_STRIP = NO;
				DEBUG_INFORMATION_FORMAT = dwarf;
				ENABLE_STRICT_OBJC_MSGSEND = YES;
				ENABLE_TESTABILITY = YES;
				GCC_C_LANGUAGE_STANDARD = gnu11;
				GCC_DYNAMIC_NO_PIC = NO;
				GCC_NO_COMMON_BLOCKS = YES;
				GCC_OPTIMIZATION_LEVEL = 0;
				GCC_PREPROCESSOR_DEFINITIONS = (
					"DEBUG=1",
					"$(inherited)",
				);
				GCC_WARN_64_TO_32_BIT_CONVERSION = YES;
				GCC_WARN_ABOUT_RETURN_TYPE = YES_ERROR;
				GCC_WARN_UNDECLARED_SELECTOR = YES;
				GCC_WARN_UNINITIALIZED_AUTOS = YES_AGGRESSIVE;
				GCC_WARN_UNUSED_FUNCTION = YES;
				GCC_WARN_UNUSED_VARIABLE = YES;
				IPHONEOS_DEPLOYMENT_TARGET = 16.1;
				MTL_ENABLE_DEBUG_INFO = INCLUDE_SOURCE;
				MTL_FAST_MATH = YES;
				ONLY_ACTIVE_ARCH = YES;
				SDKROOT = iphoneos;
				SWIFT_ACTIVE_COMPILATION_CONDITIONS = DEBUG;
				SWIFT_OPTIMIZATION_LEVEL = "-Onone";
			};
			name = Debug;
		};
		ABEBD52C2931E6E1006CD2E9 /* Release */ = {
			isa = XCBuildConfiguration;
			buildSettings = {
				ALWAYS_SEARCH_USER_PATHS = NO;
				CLANG_ANALYZER_NONNULL = YES;
				CLANG_ANALYZER_NUMBER_OBJECT_CONVERSION = YES_AGGRESSIVE;
				CLANG_CXX_LANGUAGE_STANDARD = "gnu++20";
				CLANG_ENABLE_MODULES = YES;
				CLANG_ENABLE_OBJC_ARC = YES;
				CLANG_ENABLE_OBJC_WEAK = YES;
				CLANG_WARN_BLOCK_CAPTURE_AUTORELEASING = YES;
				CLANG_WARN_BOOL_CONVERSION = YES;
				CLANG_WARN_COMMA = YES;
				CLANG_WARN_CONSTANT_CONVERSION = YES;
				CLANG_WARN_DEPRECATED_OBJC_IMPLEMENTATIONS = YES;
				CLANG_WARN_DIRECT_OBJC_ISA_USAGE = YES_ERROR;
				CLANG_WARN_DOCUMENTATION_COMMENTS = YES;
				CLANG_WARN_EMPTY_BODY = YES;
				CLANG_WARN_ENUM_CONVERSION = YES;
				CLANG_WARN_INFINITE_RECURSION = YES;
				CLANG_WARN_INT_CONVERSION = YES;
				CLANG_WARN_NON_LITERAL_NULL_CONVERSION = YES;
				CLANG_WARN_OBJC_IMPLICIT_RETAIN_SELF = YES;
				CLANG_WARN_OBJC_LITERAL_CONVERSION = YES;
				CLANG_WARN_OBJC_ROOT_CLASS = YES_ERROR;
				CLANG_WARN_QUOTED_INCLUDE_IN_FRAMEWORK_HEADER = YES;
				CLANG_WARN_RANGE_LOOP_ANALYSIS = YES;
				CLANG_WARN_STRICT_PROTOTYPES = YES;
				CLANG_WARN_SUSPICIOUS_MOVE = YES;
				CLANG_WARN_UNGUARDED_AVAILABILITY = YES_AGGRESSIVE;
				CLANG_WARN_UNREACHABLE_CODE = YES;
				CLANG_WARN__DUPLICATE_METHOD_MATCH = YES;
				COPY_PHASE_STRIP = NO;
				DEBUG_INFORMATION_FORMAT = "dwarf-with-dsym";
				ENABLE_NS_ASSERTIONS = NO;
				ENABLE_STRICT_OBJC_MSGSEND = YES;
				GCC_C_LANGUAGE_STANDARD = gnu11;
				GCC_NO_COMMON_BLOCKS = YES;
				GCC_WARN_64_TO_32_BIT_CONVERSION = YES;
				GCC_WARN_ABOUT_RETURN_TYPE = YES_ERROR;
				GCC_WARN_UNDECLARED_SELECTOR = YES;
				GCC_WARN_UNINITIALIZED_AUTOS = YES_AGGRESSIVE;
				GCC_WARN_UNUSED_FUNCTION = YES;
				GCC_WARN_UNUSED_VARIABLE = YES;
				IPHONEOS_DEPLOYMENT_TARGET = 16.1;
				MTL_ENABLE_DEBUG_INFO = NO;
				MTL_FAST_MATH = YES;
				SDKROOT = iphoneos;
				SWIFT_COMPILATION_MODE = wholemodule;
				SWIFT_OPTIMIZATION_LEVEL = "-O";
				VALIDATE_PRODUCT = YES;
			};
			name = Release;
		};
		ABEBD52E2931E6E1006CD2E9 /* Debug */ = {
			isa = XCBuildConfiguration;
			buildSettings = {
				ASSETCATALOG_COMPILER_APPICON_NAME = AppIcon;
				ASSETCATALOG_COMPILER_GLOBAL_ACCENT_COLOR_NAME = AccentColor;
				CODE_SIGN_STYLE = Automatic;
				CURRENT_PROJECT_VERSION = 1;
				DEVELOPMENT_ASSET_PATHS = "\"bussiness-search-ios/Preview Content\"";
				ENABLE_PREVIEWS = YES;
				GENERATE_INFOPLIST_FILE = YES;
				INFOPLIST_KEY_UIApplicationSceneManifest_Generation = YES;
				INFOPLIST_KEY_UIApplicationSupportsIndirectInputEvents = YES;
				INFOPLIST_KEY_UILaunchScreen_Generation = YES;
				INFOPLIST_KEY_UISupportedInterfaceOrientations_iPad = "UIInterfaceOrientationPortrait UIInterfaceOrientationPortraitUpsideDown UIInterfaceOrientationLandscapeLeft UIInterfaceOrientationLandscapeRight";
				INFOPLIST_KEY_UISupportedInterfaceOrientations_iPhone = "UIInterfaceOrientationPortrait UIInterfaceOrientationLandscapeLeft UIInterfaceOrientationLandscapeRight";
				LD_RUNPATH_SEARCH_PATHS = (
					"$(inherited)",
					"@executable_path/Frameworks",
				);
				MARKETING_VERSION = 1.0;
				PRODUCT_BUNDLE_IDENTIFIER = "zxryan.bussiness-search-ios";
				PRODUCT_NAME = "$(TARGET_NAME)";
				SWIFT_EMIT_LOC_STRINGS = YES;
				SWIFT_VERSION = 5.0;
				TARGETED_DEVICE_FAMILY = "1,2";
			};
			name = Debug;
		};
		ABEBD52F2931E6E1006CD2E9 /* Release */ = {
			isa = XCBuildConfiguration;
			buildSettings = {
				ASSETCATALOG_COMPILER_APPICON_NAME = AppIcon;
				ASSETCATALOG_COMPILER_GLOBAL_ACCENT_COLOR_NAME = AccentColor;
				CODE_SIGN_STYLE = Automatic;
				CURRENT_PROJECT_VERSION = 1;
				DEVELOPMENT_ASSET_PATHS = "\"bussiness-search-ios/Preview Content\"";
				ENABLE_PREVIEWS = YES;
				GENERATE_INFOPLIST_FILE = YES;
				INFOPLIST_KEY_UIApplicationSceneManifest_Generation = YES;
				INFOPLIST_KEY_UIApplicationSupportsIndirectInputEvents = YES;
				INFOPLIST_KEY_UILaunchScreen_Generation = YES;
				INFOPLIST_KEY_UISupportedInterfaceOrientations_iPad = "UIInterfaceOrientationPortrait UIInterfaceOrientationPortraitUpsideDown UIInterfaceOrientationLandscapeLeft UIInterfaceOrientationLandscapeRight";
				INFOPLIST_KEY_UISupportedInterfaceOrientations_iPhone = "UIInterfaceOrientationPortrait UIInterfaceOrientationLandscapeLeft UIInterfaceOrientationLandscapeRight";
				LD_RUNPATH_SEARCH_PATHS = (
					"$(inherited)",
					"@executable_path/Frameworks",
				);
				MARKETING_VERSION = 1.0;
				PRODUCT_BUNDLE_IDENTIFIER = "zxryan.bussiness-search-ios";
				PRODUCT_NAME = "$(TARGET_NAME)";
				SWIFT_EMIT_LOC_STRINGS = YES;
				SWIFT_VERSION = 5.0;
				TARGETED_DEVICE_FAMILY = "1,2";
			};
			name = Release;
		};
		ABEBD5312931E6E1006CD2E9 /* Debug */ = {
			isa = XCBuildConfiguration;
			buildSettings = {
				ALWAYS_EMBED_SWIFT_STANDARD_LIBRARIES = YES;
				BUNDLE_LOADER = "$(TEST_HOST)";
				CODE_SIGN_STYLE = Automatic;
				CURRENT_PROJECT_VERSION = 1;
				GENERATE_INFOPLIST_FILE = YES;
				IPHONEOS_DEPLOYMENT_TARGET = 16.1;
				MARKETING_VERSION = 1.0;
				PRODUCT_BUNDLE_IDENTIFIER = "zxryan.bussiness-search-iosTests";
				PRODUCT_NAME = "$(TARGET_NAME)";
				SWIFT_EMIT_LOC_STRINGS = NO;
				SWIFT_VERSION = 5.0;
				TARGETED_DEVICE_FAMILY = "1,2";
				TEST_HOST = "$(BUILT_PRODUCTS_DIR)/bussiness-search-ios.app/$(BUNDLE_EXECUTABLE_FOLDER_PATH)/bussiness-search-ios";
			};
			name = Debug;
		};
		ABEBD5322931E6E1006CD2E9 /* Release */ = {
			isa = XCBuildConfiguration;
			buildSettings = {
				ALWAYS_EMBED_SWIFT_STANDARD_LIBRARIES = YES;
				BUNDLE_LOADER = "$(TEST_HOST)";
				CODE_SIGN_STYLE = Automatic;
				CURRENT_PROJECT_VERSION = 1;
				GENERATE_INFOPLIST_FILE = YES;
				IPHONEOS_DEPLOYMENT_TARGET = 16.1;
				MARKETING_VERSION = 1.0;
				PRODUCT_BUNDLE_IDENTIFIER = "zxryan.bussiness-search-iosTests";
				PRODUCT_NAME = "$(TARGET_NAME)";
				SWIFT_EMIT_LOC_STRINGS = NO;
				SWIFT_VERSION = 5.0;
				TARGETED_DEVICE_FAMILY = "1,2";
				TEST_HOST = "$(BUILT_PRODUCTS_DIR)/bussiness-search-ios.app/$(BUNDLE_EXECUTABLE_FOLDER_PATH)/bussiness-search-ios";
			};
			name = Release;
		};
		ABEBD5342931E6E1006CD2E9 /* Debug */ = {
			isa = XCBuildConfiguration;
			buildSettings = {
				ALWAYS_EMBED_SWIFT_STANDARD_LIBRARIES = YES;
				CODE_SIGN_STYLE = Automatic;
				CURRENT_PROJECT_VERSION = 1;
				GENERATE_INFOPLIST_FILE = YES;
				MARKETING_VERSION = 1.0;
				PRODUCT_BUNDLE_IDENTIFIER = "zxryan.bussiness-search-iosUITests";
				PRODUCT_NAME = "$(TARGET_NAME)";
				SWIFT_EMIT_LOC_STRINGS = NO;
				SWIFT_VERSION = 5.0;
				TARGETED_DEVICE_FAMILY = "1,2";
				TEST_TARGET_NAME = "bussiness-search-ios";
			};
			name = Debug;
		};
		ABEBD5352931E6E1006CD2E9 /* Release */ = {
			isa = XCBuildConfiguration;
			buildSettings = {
				ALWAYS_EMBED_SWIFT_STANDARD_LIBRARIES = YES;
				CODE_SIGN_STYLE = Automatic;
				CURRENT_PROJECT_VERSION = 1;
				GENERATE_INFOPLIST_FILE = YES;
				MARKETING_VERSION = 1.0;
				PRODUCT_BUNDLE_IDENTIFIER = "zxryan.bussiness-search-iosUITests";
				PRODUCT_NAME = "$(TARGET_NAME)";
				SWIFT_EMIT_LOC_STRINGS = NO;
				SWIFT_VERSION = 5.0;
				TARGETED_DEVICE_FAMILY = "1,2";
				TEST_TARGET_NAME = "bussiness-search-ios";
			};
			name = Release;
		};
/* End XCBuildConfiguration section */

/* Begin XCConfigurationList section */
		ABEBD5042931E6DF006CD2E9 /* Build configuration list for PBXProject "bussiness-search-ios" */ = {
			isa = XCConfigurationList;
			buildConfigurations = (
				ABEBD52B2931E6E1006CD2E9 /* Debug */,
				ABEBD52C2931E6E1006CD2E9 /* Release */,
			);
			defaultConfigurationIsVisible = 0;
			defaultConfigurationName = Release;
		};
		ABEBD52D2931E6E1006CD2E9 /* Build configuration list for PBXNativeTarget "bussiness-search-ios" */ = {
			isa = XCConfigurationList;
			buildConfigurations = (
				ABEBD52E2931E6E1006CD2E9 /* Debug */,
				ABEBD52F2931E6E1006CD2E9 /* Release */,
			);
			defaultConfigurationIsVisible = 0;
			defaultConfigurationName = Release;
		};
		ABEBD5302931E6E1006CD2E9 /* Build configuration list for PBXNativeTarget "bussiness-search-iosTests" */ = {
			isa = XCConfigurationList;
			buildConfigurations = (
				ABEBD5312931E6E1006CD2E9 /* Debug */,
				ABEBD5322931E6E1006CD2E9 /* Release */,
			);
			defaultConfigurationIsVisible = 0;
			defaultConfigurationName = Release;
		};
		ABEBD5332931E6E1006CD2E9 /* Build configuration list for PBXNativeTarget "bussiness-search-iosUITests" */ = {
			isa = XCConfigurationList;
			buildConfigurations = (
				ABEBD5342931E6E1006CD2E9 /* Debug */,
				ABEBD5352931E6E1006CD2E9 /* Release */,
			);
			defaultConfigurationIsVisible = 0;
			defaultConfigurationName = Release;
		};
/* End XCConfigurationList section */

/* Begin XCRemoteSwiftPackageReference section */
		ABA99F2B2935A63B00E981E7 /* XCRemoteSwiftPackageReference "SwiftyJSON" */ = {
			isa = XCRemoteSwiftPackageReference;
			repositoryURL = "https://github.com/SwiftyJSON/SwiftyJSON.git";
			requirement = {
				kind = upToNextMajorVersion;
				minimumVersion = 5.0.0;
			};
		};
/* End XCRemoteSwiftPackageReference section */

/* Begin XCSwiftPackageProductDependency section */
		ABA99F2C2935A63B00E981E7 /* SwiftyJSON */ = {
			isa = XCSwiftPackageProductDependency;
			package = ABA99F2B2935A63B00E981E7 /* XCRemoteSwiftPackageReference "SwiftyJSON" */;
			productName = SwiftyJSON;
		};
/* End XCSwiftPackageProductDependency section */
	};
	rootObject = ABEBD5012931E6DF006CD2E9 /* Project object */;
}
